
Microsoft Visual Studio Solution File, Format Version 12.00
# Visual Studio Version 17
VisualStudioVersion = 17.6.33815.320
MinimumVisualStudioVersion = 10.0.40219.1
Project("{888888A0-9F3D-457C-B088-3A5042F75D52}") = "BasicProject", "BasicProject.pyproj", "{8AD0184F-02CF-44CC-A718-C2EE84793182}"
EndProject
Global
	GlobalSection(SolutionConfigurationPlatforms) = preSolution
		Debug|Any CPU = Debug|Any CPU
		Release|Any CPU = Release|Any CPU
	EndGlobalSection
	GlobalSection(ProjectConfigurationPlatforms) = postSolution
		{8AD0184F-02CF-44CC-A718-C2EE84793182}.Debug|Any CPU.ActiveCfg = Debug|Any CPU
		{8AD0184F-02CF-44CC-A718-C2EE84793182}.Debug|Any CPU.Build.0 = Debug|Any CPU
		{8AD0184F-02CF-44CC-A718-C2EE84793182}.Release|Any CPU.ActiveCfg = Release|Any CPU
		{8AD0184F-02CF-44CC-A718-C2EE84793182}.Release|Any CPU.Build.0 = Release|Any CPU
	EndGlobalSection
	GlobalSection(SolutionProperties) = preSolution
		HideSolutionNode = FALSE
	EndGlobalSection
	GlobalSection(ExtensibilityGlobals) = postSolution
		SolutionGuid = {2F95C8EC-63DC-4001-A4BB-002399576AE6}
	EndGlobalSection
EndGlobal
